<?xml version="1.0" encoding="utf-8"?>
<Project ToolsVersion="4.0" xmlns="http://schemas.microsoft.com/developer/msbuild/2003">
  <ItemGroup>
    <ClCompile Include="Follows.cpp">
      <Filter>Source Files\PKB</Filter>
    </ClCompile>
    <ClCompile Include="Modifies.cpp">
      <Filter>Source Files\PKB</Filter>
    </ClCompile>
    <ClCompile Include="Parent.cpp">
      <Filter>Source Files\PKB</Filter>
    </ClCompile>
    <ClCompile Include="PKB.cpp">
      <Filter>Source Files\PKB</Filter>
    </ClCompile>
    <ClCompile Include="ProcTable.cpp">
      <Filter>Source Files\PKB</Filter>
    </ClCompile>
    <ClCompile Include="Uses.cpp">
      <Filter>Source Files\PKB</Filter>
    </ClCompile>
    <ClCompile Include="VarTable.cpp">
      <Filter>Source Files\PKB</Filter>
    </ClCompile>
    <ClCompile Include="Controller.cpp">
      <Filter>Source Files\Front-end Parser</Filter>
    </ClCompile>
    <ClCompile Include="Checker.cpp">
      <Filter>Source Files\Front-end Parser</Filter>
    </ClCompile>
    <ClCompile Include="Parser.cpp">
      <Filter>Source Files\Front-end Parser</Filter>
    </ClCompile>
    <ClCompile Include="UI.cpp">
      <Filter>Source Files\Front-end Parser</Filter>
    </ClCompile>
    <ClCompile Include="QueryController.cpp">
      <Filter>Source Files\Query Processor</Filter>
    </ClCompile>
    <ClCompile Include="QueryEvaluator.cpp">
      <Filter>Source Files\Query Processor</Filter>
    </ClCompile>
    <ClCompile Include="QueryResultProjector.cpp">
      <Filter>Source Files\Query Processor</Filter>
    </ClCompile>
    <ClCompile Include="QueryTree.cpp">
      <Filter>Source Files\Query Processor</Filter>
    </ClCompile>
    <ClCompile Include="QueryValidator.cpp">
      <Filter>Source Files\Query Processor</Filter>
    </ClCompile>
    <ClCompile Include="Relationship.cpp">
      <Filter>Source Files\Query Processor</Filter>
    </ClCompile>
    <ClCompile Include="RelationshipTable.cpp">
      <Filter>Source Files\Query Processor</Filter>
    </ClCompile>
    <ClCompile Include="ResultTable.cpp">
      <Filter>Source Files\Query Processor</Filter>
    </ClCompile>
    <ClCompile Include="ValidatorMain.cpp" />
    <ClCompile Include="SPALog.cpp">
      <Filter>Source Files\Front-end Parser</Filter>
    </ClCompile>
    <ClCompile Include="CFG.cpp">
      <Filter>Source Files\PKB</Filter>
    </ClCompile>
    <ClCompile Include="CFGNode.cpp">
      <Filter>Source Files\PKB</Filter>
    </ClCompile>
    <ClCompile Include="Pattern.cpp">
      <Filter>Source Files\PKB</Filter>
    </ClCompile>
    <ClCompile Include="Calls.cpp">
      <Filter>Source Files\PKB</Filter>
    </ClCompile>
    <ClCompile Include="FollowsStar.cpp">
      <Filter>Source Files\PKB</Filter>
    </ClCompile>
    <ClCompile Include="ParentStar.cpp">
      <Filter>Source Files\PKB</Filter>
    </ClCompile>
    <ClCompile Include="CallsStar.cpp">
      <Filter>Source Files\PKB</Filter>
    </ClCompile>
    <ClCompile Include="DesignExtractor.cpp">
      <Filter>Source Files\Front-end Parser</Filter>
    </ClCompile>
    <ClCompile Include="Affact.cpp" />
    <ClCompile Include="Statement.cpp" />
  </ItemGroup>
  <ItemGroup>
    <ClInclude Include="Follows.h">
      <Filter>Header Files\PKB</Filter>
    </ClInclude>
    <ClInclude Include="Modifies.h">
      <Filter>Header Files\PKB</Filter>
    </ClInclude>
    <ClInclude Include="Parent.h">
      <Filter>Header Files\PKB</Filter>
    </ClInclude>
    <ClInclude Include="PKB.h">
      <Filter>Header Files\PKB</Filter>
    </ClInclude>
    <ClInclude Include="ProcTable.h">
      <Filter>Header Files\PKB</Filter>
    </ClInclude>
    <ClInclude Include="Uses.h">
      <Filter>Header Files\PKB</Filter>
    </ClInclude>
    <ClInclude Include="VarTable.h">
      <Filter>Header Files\PKB</Filter>
    </ClInclude>
    <ClInclude Include="Checker.h">
      <Filter>Header Files\Front-end Parser</Filter>
    </ClInclude>
    <ClInclude Include="Controller.h">
      <Filter>Header Files\Front-end Parser</Filter>
    </ClInclude>
    <ClInclude Include="Parser.h">
      <Filter>Header Files\Front-end Parser</Filter>
    </ClInclude>
    <ClInclude Include="QueryController.h">
      <Filter>Header Files\Query Processor</Filter>
    </ClInclude>
    <ClInclude Include="QueryEvaluator.h">
      <Filter>Header Files\Query Processor</Filter>
    </ClInclude>
    <ClInclude Include="QueryResultProjector.h">
      <Filter>Header Files\Query Processor</Filter>
    </ClInclude>
    <ClInclude Include="QueryTree.h">
      <Filter>Header Files\Query Processor</Filter>
    </ClInclude>
    <ClInclude Include="QueryValidator.h">
      <Filter>Header Files\Query Processor</Filter>
    </ClInclude>
    <ClInclude Include="Relationship.h">
      <Filter>Header Files\Query Processor</Filter>
    </ClInclude>
    <ClInclude Include="RelationshipTable.h">
      <Filter>Header Files\Query Processor</Filter>
    </ClInclude>
    <ClInclude Include="ResultTable.h">
      <Filter>Header Files\Query Processor</Filter>
    </ClInclude>
    <ClInclude Include="SPALog.h">
      <Filter>Header Files\Front-end Parser</Filter>
    </ClInclude>
    <ClInclude Include="CFG.h">
      <Filter>Header Files\PKB</Filter>
    </ClInclude>
    <ClInclude Include="CFGNode.h">
      <Filter>Header Files\PKB</Filter>
    </ClInclude>
    <ClInclude Include="Pattern.h">
      <Filter>Header Files\PKB</Filter>
    </ClInclude>
    <ClInclude Include="Calls.h">
      <Filter>Header Files\PKB</Filter>
    </ClInclude>
    <ClInclude Include="FollowsStar.h">
      <Filter>Header Files\PKB</Filter>
    </ClInclude>
    <ClInclude Include="ParentStar.h">
      <Filter>Header Files\PKB</Filter>
    </ClInclude>
    <ClInclude Include="CallsStar.h">
      <Filter>Header Files\PKB</Filter>
    </ClInclude>
    <ClInclude Include="DesignExtractor.h">
      <Filter>Header Files\Front-end Parser</Filter>
    </ClInclude>
    <ClInclude Include="Affact.h" />
    <ClInclude Include="Statement.h" />
    <ClInclude Include="StatementType.h">
      <Filter>Header Files\Front-end Parser</Filter>
    </ClInclude>
  </ItemGroup>
  <ItemGroup>
    <Filter Include="Header Files">
      <UniqueIdentifier>{012ace27-821c-440c-81c1-7bb13b1c122d}</UniqueIdentifier>
    </Filter>
    <Filter Include="Source Files">
      <UniqueIdentifier>{0ef0825b-b8e2-4c4a-b1ec-6692bee2e24b}</UniqueIdentifier>
    </Filter>
    <Filter Include="Resouce Files">
      <UniqueIdentifier>{582d2098-9680-477d-8ea1-dd9ae21708e3}</UniqueIdentifier>
    </Filter>
    <Filter Include="Header Files\Front-end Parser">
      <UniqueIdentifier>{39c6e844-2aea-4657-813c-ce8f66d509b8}</UniqueIdentifier>
    </Filter>
    <Filter Include="Header Files\PKB">
      <UniqueIdentifier>{4c7f4efa-4e89-4e3c-bebc-3fabc74277f6}</UniqueIdentifier>
    </Filter>
    <Filter Include="Source Files\Front-end Parser">
      <UniqueIdentifier>{10e243dc-a56d-45a2-894c-895171c40266}</UniqueIdentifier>
    </Filter>
    <Filter Include="Source Files\PKB">
      <UniqueIdentifier>{0beae119-0c19-4e75-86e4-4954a7b6901e}</UniqueIdentifier>
    </Filter>
    <Filter Include="Header Files\Query Processor">
      <UniqueIdentifier>{2f6e4aeb-8aee-4c74-a629-7d7f35482341}</UniqueIdentifier>
    </Filter>
    <Filter Include="Source Files\Query Processor">
      <UniqueIdentifier>{07a140cf-d85b-4cdf-930a-b77729fa95f5}</UniqueIdentifier>
    </Filter>
  </ItemGroup>
  <ItemGroup>
    <Text Include="prototype_test.txt">
      <Filter>Resouce Files</Filter>
    </Text>
    <Text Include="query.txt">
      <Filter>Resouce Files</Filter>
    </Text>
  </ItemGroup>
</Project>